
Microsoft Visual Studio Solution File, Format Version 12.00
# Visual Studio 15
VisualStudioVersion = 15.0.26124.0
MinimumVisualStudioVersion = 15.0.26124.0
Project("{2150E333-8FDC-42A3-9474-1A3956D46DE8}") = "src", "src", "{D41DA0FA-E899-4369-81F9-A7C74B18CBEF}"
EndProject
Project("{FAE04EC0-301F-11D3-BF4B-00C04F79EFBC}") = "UnionFind", "src\UnionFind\UnionFind.csproj", "{2AE04248-AE34-49E3-A8C9-7994F597276C}"
EndProject
Project("{2150E333-8FDC-42A3-9474-1A3956D46DE8}") = "test", "test", "{3386DD9A-B9F4-4AE9-A22D-41DE824969AF}"
EndProject
Project("{FAE04EC0-301F-11D3-BF4B-00C04F79EFBC}") = "UnionFindTests", "test\UnionFindTests\UnionFindTests.csproj", "{530CDCE5-2D05-4A0C-B929-032C645060C7}"
EndProject
Global
	GlobalSection(SolutionConfigurationPlatforms) = preSolution
		Debug|Any CPU = Debug|Any CPU
		Debug|x64 = Debug|x64
		Debug|x86 = Debug|x86
		Release|Any CPU = Release|Any CPU
		Release|x64 = Release|x64
		Release|x86 = Release|x86
	EndGlobalSection
	GlobalSection(SolutionProperties) = preSolution
		HideSolutionNode = FALSE
	EndGlobalSection
	GlobalSection(ProjectConfigurationPlatforms) = postSolution
		{2AE04248-AE34-49E3-A8C9-7994F597276C}.Debug|Any CPU.ActiveCfg = Debug|Any CPU
		{2AE04248-AE34-49E3-A8C9-7994F597276C}.Debug|Any CPU.Build.0 = Debug|Any CPU
		{2AE04248-AE34-49E3-A8C9-7994F597276C}.Debug|x64.ActiveCfg = Debug|Any CPU
		{2AE04248-AE34-49E3-A8C9-7994F597276C}.Debug|x64.Build.0 = Debug|Any CPU
		{2AE04248-AE34-49E3-A8C9-7994F597276C}.Debug|x86.ActiveCfg = Debug|Any CPU
		{2AE04248-AE34-49E3-A8C9-7994F597276C}.Debug|x86.Build.0 = Debug|Any CPU
		{2AE04248-AE34-49E3-A8C9-7994F597276C}.Release|Any CPU.ActiveCfg = Release|Any CPU
		{2AE04248-AE34-49E3-A8C9-7994F597276C}.Release|Any CPU.Build.0 = Release|Any CPU
		{2AE04248-AE34-49E3-A8C9-7994F597276C}.Release|x64.ActiveCfg = Release|Any CPU
		{2AE04248-AE34-49E3-A8C9-7994F597276C}.Release|x64.Build.0 = Release|Any CPU
		{2AE04248-AE34-49E3-A8C9-7994F597276C}.Release|x86.ActiveCfg = Release|Any CPU
		{2AE04248-AE34-49E3-A8C9-7994F597276C}.Release|x86.Build.0 = Release|Any CPU
		{530CDCE5-2D05-4A0C-B929-032C645060C7}.Debug|Any CPU.ActiveCfg = Debug|Any CPU
		{530CDCE5-2D05-4A0C-B929-032C645060C7}.Debug|Any CPU.Build.0 = Debug|Any CPU
		{530CDCE5-2D05-4A0C-B929-032C645060C7}.Debug|x64.ActiveCfg = Debug|Any CPU
		{530CDCE5-2D05-4A0C-B929-032C645060C7}.Debug|x64.Build.0 = Debug|Any CPU
		{530CDCE5-2D05-4A0C-B929-032C645060C7}.Debug|x86.ActiveCfg = Debug|Any CPU
		{530CDCE5-2D05-4A0C-B929-032C645060C7}.Debug|x86.Build.0 = Debug|Any CPU
		{530CDCE5-2D05-4A0C-B929-032C645060C7}.Release|Any CPU.ActiveCfg = Release|Any CPU
		{530CDCE5-2D05-4A0C-B929-032C645060C7}.Release|Any CPU.Build.0 = Release|Any CPU
		{530CDCE5-2D05-4A0C-B929-032C645060C7}.Release|x64.ActiveCfg = Release|Any CPU
		{530CDCE5-2D05-4A0C-B929-032C645060C7}.Release|x64.Build.0 = Release|Any CPU
		{530CDCE5-2D05-4A0C-B929-032C645060C7}.Release|x86.ActiveCfg = Release|Any CPU
		{530CDCE5-2D05-4A0C-B929-032C645060C7}.Release|x86.Build.0 = Release|Any CPU
	EndGlobalSection
	GlobalSection(NestedProjects) = preSolution
		{2AE04248-AE34-49E3-A8C9-7994F597276C} = {D41DA0FA-E899-4369-81F9-A7C74B18CBEF}
		{530CDCE5-2D05-4A0C-B929-032C645060C7} = {3386DD9A-B9F4-4AE9-A22D-41DE824969AF}
	EndGlobalSection
EndGlobal
