
Microsoft Visual Studio Solution File, Format Version 12.00
# Visual Studio 15
VisualStudioVersion = 15.0.26124.0
MinimumVisualStudioVersion = 15.0.26124.0
Project("{2150E333-8FDC-42A3-9474-1A3956D46DE8}") = "src", "src", "{D41DA0FA-E899-4369-81F9-A7C74B18CBEF}"
EndProject
Project("{FAE04EC0-301F-11D3-BF4B-00C04F79EFBC}") = "UnionFind", "src\UnionFind\UnionFind.csproj", "{2AE04248-AE34-49E3-A8C9-7994F597276C}"
EndProject
Project("{2150E333-8FDC-42A3-9474-1A3956D46DE8}") = "test", "test", "{3386DD9A-B9F4-4AE9-A22D-41DE824969AF}"
EndProject
Project("{FAE04EC0-301F-11D3-BF4B-00C04F79EFBC}") = "UnionFindTests", "test\UnionFindTests\UnionFindTests.csproj", "{530CDCE5-2D05-4A0C-B929-032C645060C7}"
EndProject
Project("{FAE04EC0-301F-11D3-BF4B-00C04F79EFBC}") = "Misc", "src\Misc\Misc.csproj", "{A2687781-A53C-44DF-9074-1C2A5CAA6BF7}"
EndProject
Project("{FAE04EC0-301F-11D3-BF4B-00C04F79EFBC}") = "MiscTests", "test\MiscTests\MiscTests.csproj", "{49BA1D92-D854-479A-BD17-7F769B42EC49}"
EndProject
Project("{FAE04EC0-301F-11D3-BF4B-00C04F79EFBC}") = "Stack", "src\Stack\Stack.csproj", "{E73625EF-2574-4DB5-9A03-CB139E187487}"
EndProject
Project("{FAE04EC0-301F-11D3-BF4B-00C04F79EFBC}") = "LinkedList", "src\LinkedList\LinkedList.csproj", "{250F8A6E-5E21-4EA8-9A63-224F2A60AEEC}"
EndProject
Project("{FAE04EC0-301F-11D3-BF4B-00C04F79EFBC}") = "Math", "src\Math\Math.csproj", "{2B1B6347-25FF-4DFC-9B17-7A4B3D08BEF1}"
EndProject
Project("{FAE04EC0-301F-11D3-BF4B-00C04F79EFBC}") = "StackTests", "test\StackTests\StackTests.csproj", "{5285DA91-4DE0-471A-B637-E5B7561E6056}"
EndProject
Project("{FAE04EC0-301F-11D3-BF4B-00C04F79EFBC}") = "LinkedListTests", "test\LinkedListTests\LinkedListTests.csproj", "{9E65DC51-7BDB-445A-8BFA-3A98559FF3D9}"
EndProject
Project("{FAE04EC0-301F-11D3-BF4B-00C04F79EFBC}") = "MathTests", "test\MathTests\MathTests.csproj", "{BD12DC80-C191-4EED-A922-86E2B182B8DF}"
EndProject
Global
	GlobalSection(SolutionConfigurationPlatforms) = preSolution
		Debug|Any CPU = Debug|Any CPU
		Debug|x64 = Debug|x64
		Debug|x86 = Debug|x86
		Release|Any CPU = Release|Any CPU
		Release|x64 = Release|x64
		Release|x86 = Release|x86
	EndGlobalSection
	GlobalSection(SolutionProperties) = preSolution
		HideSolutionNode = FALSE
	EndGlobalSection
	GlobalSection(ProjectConfigurationPlatforms) = postSolution
		{2AE04248-AE34-49E3-A8C9-7994F597276C}.Debug|Any CPU.ActiveCfg = Debug|Any CPU
		{2AE04248-AE34-49E3-A8C9-7994F597276C}.Debug|Any CPU.Build.0 = Debug|Any CPU
		{2AE04248-AE34-49E3-A8C9-7994F597276C}.Debug|x64.ActiveCfg = Debug|Any CPU
		{2AE04248-AE34-49E3-A8C9-7994F597276C}.Debug|x64.Build.0 = Debug|Any CPU
		{2AE04248-AE34-49E3-A8C9-7994F597276C}.Debug|x86.ActiveCfg = Debug|Any CPU
		{2AE04248-AE34-49E3-A8C9-7994F597276C}.Debug|x86.Build.0 = Debug|Any CPU
		{2AE04248-AE34-49E3-A8C9-7994F597276C}.Release|Any CPU.ActiveCfg = Release|Any CPU
		{2AE04248-AE34-49E3-A8C9-7994F597276C}.Release|Any CPU.Build.0 = Release|Any CPU
		{2AE04248-AE34-49E3-A8C9-7994F597276C}.Release|x64.ActiveCfg = Release|Any CPU
		{2AE04248-AE34-49E3-A8C9-7994F597276C}.Release|x64.Build.0 = Release|Any CPU
		{2AE04248-AE34-49E3-A8C9-7994F597276C}.Release|x86.ActiveCfg = Release|Any CPU
		{2AE04248-AE34-49E3-A8C9-7994F597276C}.Release|x86.Build.0 = Release|Any CPU
		{530CDCE5-2D05-4A0C-B929-032C645060C7}.Debug|Any CPU.ActiveCfg = Debug|Any CPU
		{530CDCE5-2D05-4A0C-B929-032C645060C7}.Debug|Any CPU.Build.0 = Debug|Any CPU
		{530CDCE5-2D05-4A0C-B929-032C645060C7}.Debug|x64.ActiveCfg = Debug|Any CPU
		{530CDCE5-2D05-4A0C-B929-032C645060C7}.Debug|x64.Build.0 = Debug|Any CPU
		{530CDCE5-2D05-4A0C-B929-032C645060C7}.Debug|x86.ActiveCfg = Debug|Any CPU
		{530CDCE5-2D05-4A0C-B929-032C645060C7}.Debug|x86.Build.0 = Debug|Any CPU
		{530CDCE5-2D05-4A0C-B929-032C645060C7}.Release|Any CPU.ActiveCfg = Release|Any CPU
		{530CDCE5-2D05-4A0C-B929-032C645060C7}.Release|Any CPU.Build.0 = Release|Any CPU
		{530CDCE5-2D05-4A0C-B929-032C645060C7}.Release|x64.ActiveCfg = Release|Any CPU
		{530CDCE5-2D05-4A0C-B929-032C645060C7}.Release|x64.Build.0 = Release|Any CPU
		{530CDCE5-2D05-4A0C-B929-032C645060C7}.Release|x86.ActiveCfg = Release|Any CPU
		{530CDCE5-2D05-4A0C-B929-032C645060C7}.Release|x86.Build.0 = Release|Any CPU
		{A2687781-A53C-44DF-9074-1C2A5CAA6BF7}.Debug|Any CPU.ActiveCfg = Debug|Any CPU
		{A2687781-A53C-44DF-9074-1C2A5CAA6BF7}.Debug|Any CPU.Build.0 = Debug|Any CPU
		{A2687781-A53C-44DF-9074-1C2A5CAA6BF7}.Debug|x64.ActiveCfg = Debug|Any CPU
		{A2687781-A53C-44DF-9074-1C2A5CAA6BF7}.Debug|x64.Build.0 = Debug|Any CPU
		{A2687781-A53C-44DF-9074-1C2A5CAA6BF7}.Debug|x86.ActiveCfg = Debug|Any CPU
		{A2687781-A53C-44DF-9074-1C2A5CAA6BF7}.Debug|x86.Build.0 = Debug|Any CPU
		{A2687781-A53C-44DF-9074-1C2A5CAA6BF7}.Release|Any CPU.ActiveCfg = Release|Any CPU
		{A2687781-A53C-44DF-9074-1C2A5CAA6BF7}.Release|Any CPU.Build.0 = Release|Any CPU
		{A2687781-A53C-44DF-9074-1C2A5CAA6BF7}.Release|x64.ActiveCfg = Release|Any CPU
		{A2687781-A53C-44DF-9074-1C2A5CAA6BF7}.Release|x64.Build.0 = Release|Any CPU
		{A2687781-A53C-44DF-9074-1C2A5CAA6BF7}.Release|x86.ActiveCfg = Release|Any CPU
		{A2687781-A53C-44DF-9074-1C2A5CAA6BF7}.Release|x86.Build.0 = Release|Any CPU
		{49BA1D92-D854-479A-BD17-7F769B42EC49}.Debug|Any CPU.ActiveCfg = Debug|Any CPU
		{49BA1D92-D854-479A-BD17-7F769B42EC49}.Debug|Any CPU.Build.0 = Debug|Any CPU
		{49BA1D92-D854-479A-BD17-7F769B42EC49}.Debug|x64.ActiveCfg = Debug|Any CPU
		{49BA1D92-D854-479A-BD17-7F769B42EC49}.Debug|x64.Build.0 = Debug|Any CPU
		{49BA1D92-D854-479A-BD17-7F769B42EC49}.Debug|x86.ActiveCfg = Debug|Any CPU
		{49BA1D92-D854-479A-BD17-7F769B42EC49}.Debug|x86.Build.0 = Debug|Any CPU
		{49BA1D92-D854-479A-BD17-7F769B42EC49}.Release|Any CPU.ActiveCfg = Release|Any CPU
		{49BA1D92-D854-479A-BD17-7F769B42EC49}.Release|Any CPU.Build.0 = Release|Any CPU
		{49BA1D92-D854-479A-BD17-7F769B42EC49}.Release|x64.ActiveCfg = Release|Any CPU
		{49BA1D92-D854-479A-BD17-7F769B42EC49}.Release|x64.Build.0 = Release|Any CPU
		{49BA1D92-D854-479A-BD17-7F769B42EC49}.Release|x86.ActiveCfg = Release|Any CPU
		{49BA1D92-D854-479A-BD17-7F769B42EC49}.Release|x86.Build.0 = Release|Any CPU
		{E73625EF-2574-4DB5-9A03-CB139E187487}.Debug|Any CPU.ActiveCfg = Debug|Any CPU
		{E73625EF-2574-4DB5-9A03-CB139E187487}.Debug|Any CPU.Build.0 = Debug|Any CPU
		{E73625EF-2574-4DB5-9A03-CB139E187487}.Debug|x64.ActiveCfg = Debug|Any CPU
		{E73625EF-2574-4DB5-9A03-CB139E187487}.Debug|x64.Build.0 = Debug|Any CPU
		{E73625EF-2574-4DB5-9A03-CB139E187487}.Debug|x86.ActiveCfg = Debug|Any CPU
		{E73625EF-2574-4DB5-9A03-CB139E187487}.Debug|x86.Build.0 = Debug|Any CPU
		{E73625EF-2574-4DB5-9A03-CB139E187487}.Release|Any CPU.ActiveCfg = Release|Any CPU
		{E73625EF-2574-4DB5-9A03-CB139E187487}.Release|Any CPU.Build.0 = Release|Any CPU
		{E73625EF-2574-4DB5-9A03-CB139E187487}.Release|x64.ActiveCfg = Release|Any CPU
		{E73625EF-2574-4DB5-9A03-CB139E187487}.Release|x64.Build.0 = Release|Any CPU
		{E73625EF-2574-4DB5-9A03-CB139E187487}.Release|x86.ActiveCfg = Release|Any CPU
		{E73625EF-2574-4DB5-9A03-CB139E187487}.Release|x86.Build.0 = Release|Any CPU
		{250F8A6E-5E21-4EA8-9A63-224F2A60AEEC}.Debug|Any CPU.ActiveCfg = Debug|Any CPU
		{250F8A6E-5E21-4EA8-9A63-224F2A60AEEC}.Debug|Any CPU.Build.0 = Debug|Any CPU
		{250F8A6E-5E21-4EA8-9A63-224F2A60AEEC}.Debug|x64.ActiveCfg = Debug|Any CPU
		{250F8A6E-5E21-4EA8-9A63-224F2A60AEEC}.Debug|x64.Build.0 = Debug|Any CPU
		{250F8A6E-5E21-4EA8-9A63-224F2A60AEEC}.Debug|x86.ActiveCfg = Debug|Any CPU
		{250F8A6E-5E21-4EA8-9A63-224F2A60AEEC}.Debug|x86.Build.0 = Debug|Any CPU
		{250F8A6E-5E21-4EA8-9A63-224F2A60AEEC}.Release|Any CPU.ActiveCfg = Release|Any CPU
		{250F8A6E-5E21-4EA8-9A63-224F2A60AEEC}.Release|Any CPU.Build.0 = Release|Any CPU
		{250F8A6E-5E21-4EA8-9A63-224F2A60AEEC}.Release|x64.ActiveCfg = Release|Any CPU
		{250F8A6E-5E21-4EA8-9A63-224F2A60AEEC}.Release|x64.Build.0 = Release|Any CPU
		{250F8A6E-5E21-4EA8-9A63-224F2A60AEEC}.Release|x86.ActiveCfg = Release|Any CPU
		{250F8A6E-5E21-4EA8-9A63-224F2A60AEEC}.Release|x86.Build.0 = Release|Any CPU
		{2B1B6347-25FF-4DFC-9B17-7A4B3D08BEF1}.Debug|Any CPU.ActiveCfg = Debug|Any CPU
		{2B1B6347-25FF-4DFC-9B17-7A4B3D08BEF1}.Debug|Any CPU.Build.0 = Debug|Any CPU
		{2B1B6347-25FF-4DFC-9B17-7A4B3D08BEF1}.Debug|x64.ActiveCfg = Debug|Any CPU
		{2B1B6347-25FF-4DFC-9B17-7A4B3D08BEF1}.Debug|x64.Build.0 = Debug|Any CPU
		{2B1B6347-25FF-4DFC-9B17-7A4B3D08BEF1}.Debug|x86.ActiveCfg = Debug|Any CPU
		{2B1B6347-25FF-4DFC-9B17-7A4B3D08BEF1}.Debug|x86.Build.0 = Debug|Any CPU
		{2B1B6347-25FF-4DFC-9B17-7A4B3D08BEF1}.Release|Any CPU.ActiveCfg = Release|Any CPU
		{2B1B6347-25FF-4DFC-9B17-7A4B3D08BEF1}.Release|Any CPU.Build.0 = Release|Any CPU
		{2B1B6347-25FF-4DFC-9B17-7A4B3D08BEF1}.Release|x64.ActiveCfg = Release|Any CPU
		{2B1B6347-25FF-4DFC-9B17-7A4B3D08BEF1}.Release|x64.Build.0 = Release|Any CPU
		{2B1B6347-25FF-4DFC-9B17-7A4B3D08BEF1}.Release|x86.ActiveCfg = Release|Any CPU
		{2B1B6347-25FF-4DFC-9B17-7A4B3D08BEF1}.Release|x86.Build.0 = Release|Any CPU
		{5285DA91-4DE0-471A-B637-E5B7561E6056}.Debug|Any CPU.ActiveCfg = Debug|Any CPU
		{5285DA91-4DE0-471A-B637-E5B7561E6056}.Debug|Any CPU.Build.0 = Debug|Any CPU
		{5285DA91-4DE0-471A-B637-E5B7561E6056}.Debug|x64.ActiveCfg = Debug|Any CPU
		{5285DA91-4DE0-471A-B637-E5B7561E6056}.Debug|x64.Build.0 = Debug|Any CPU
		{5285DA91-4DE0-471A-B637-E5B7561E6056}.Debug|x86.ActiveCfg = Debug|Any CPU
		{5285DA91-4DE0-471A-B637-E5B7561E6056}.Debug|x86.Build.0 = Debug|Any CPU
		{5285DA91-4DE0-471A-B637-E5B7561E6056}.Release|Any CPU.ActiveCfg = Release|Any CPU
		{5285DA91-4DE0-471A-B637-E5B7561E6056}.Release|Any CPU.Build.0 = Release|Any CPU
		{5285DA91-4DE0-471A-B637-E5B7561E6056}.Release|x64.ActiveCfg = Release|Any CPU
		{5285DA91-4DE0-471A-B637-E5B7561E6056}.Release|x64.Build.0 = Release|Any CPU
		{5285DA91-4DE0-471A-B637-E5B7561E6056}.Release|x86.ActiveCfg = Release|Any CPU
		{5285DA91-4DE0-471A-B637-E5B7561E6056}.Release|x86.Build.0 = Release|Any CPU
		{9E65DC51-7BDB-445A-8BFA-3A98559FF3D9}.Debug|Any CPU.ActiveCfg = Debug|Any CPU
		{9E65DC51-7BDB-445A-8BFA-3A98559FF3D9}.Debug|Any CPU.Build.0 = Debug|Any CPU
		{9E65DC51-7BDB-445A-8BFA-3A98559FF3D9}.Debug|x64.ActiveCfg = Debug|Any CPU
		{9E65DC51-7BDB-445A-8BFA-3A98559FF3D9}.Debug|x64.Build.0 = Debug|Any CPU
		{9E65DC51-7BDB-445A-8BFA-3A98559FF3D9}.Debug|x86.ActiveCfg = Debug|Any CPU
		{9E65DC51-7BDB-445A-8BFA-3A98559FF3D9}.Debug|x86.Build.0 = Debug|Any CPU
		{9E65DC51-7BDB-445A-8BFA-3A98559FF3D9}.Release|Any CPU.ActiveCfg = Release|Any CPU
		{9E65DC51-7BDB-445A-8BFA-3A98559FF3D9}.Release|Any CPU.Build.0 = Release|Any CPU
		{9E65DC51-7BDB-445A-8BFA-3A98559FF3D9}.Release|x64.ActiveCfg = Release|Any CPU
		{9E65DC51-7BDB-445A-8BFA-3A98559FF3D9}.Release|x64.Build.0 = Release|Any CPU
		{9E65DC51-7BDB-445A-8BFA-3A98559FF3D9}.Release|x86.ActiveCfg = Release|Any CPU
		{9E65DC51-7BDB-445A-8BFA-3A98559FF3D9}.Release|x86.Build.0 = Release|Any CPU
		{BD12DC80-C191-4EED-A922-86E2B182B8DF}.Debug|Any CPU.ActiveCfg = Debug|Any CPU
		{BD12DC80-C191-4EED-A922-86E2B182B8DF}.Debug|Any CPU.Build.0 = Debug|Any CPU
		{BD12DC80-C191-4EED-A922-86E2B182B8DF}.Debug|x64.ActiveCfg = Debug|Any CPU
		{BD12DC80-C191-4EED-A922-86E2B182B8DF}.Debug|x64.Build.0 = Debug|Any CPU
		{BD12DC80-C191-4EED-A922-86E2B182B8DF}.Debug|x86.ActiveCfg = Debug|Any CPU
		{BD12DC80-C191-4EED-A922-86E2B182B8DF}.Debug|x86.Build.0 = Debug|Any CPU
		{BD12DC80-C191-4EED-A922-86E2B182B8DF}.Release|Any CPU.ActiveCfg = Release|Any CPU
		{BD12DC80-C191-4EED-A922-86E2B182B8DF}.Release|Any CPU.Build.0 = Release|Any CPU
		{BD12DC80-C191-4EED-A922-86E2B182B8DF}.Release|x64.ActiveCfg = Release|Any CPU
		{BD12DC80-C191-4EED-A922-86E2B182B8DF}.Release|x64.Build.0 = Release|Any CPU
		{BD12DC80-C191-4EED-A922-86E2B182B8DF}.Release|x86.ActiveCfg = Release|Any CPU
		{BD12DC80-C191-4EED-A922-86E2B182B8DF}.Release|x86.Build.0 = Release|Any CPU
	EndGlobalSection
	GlobalSection(NestedProjects) = preSolution
		{2AE04248-AE34-49E3-A8C9-7994F597276C} = {D41DA0FA-E899-4369-81F9-A7C74B18CBEF}
		{530CDCE5-2D05-4A0C-B929-032C645060C7} = {3386DD9A-B9F4-4AE9-A22D-41DE824969AF}
		{A2687781-A53C-44DF-9074-1C2A5CAA6BF7} = {D41DA0FA-E899-4369-81F9-A7C74B18CBEF}
		{49BA1D92-D854-479A-BD17-7F769B42EC49} = {3386DD9A-B9F4-4AE9-A22D-41DE824969AF}
		{E73625EF-2574-4DB5-9A03-CB139E187487} = {D41DA0FA-E899-4369-81F9-A7C74B18CBEF}
		{250F8A6E-5E21-4EA8-9A63-224F2A60AEEC} = {D41DA0FA-E899-4369-81F9-A7C74B18CBEF}
		{2B1B6347-25FF-4DFC-9B17-7A4B3D08BEF1} = {D41DA0FA-E899-4369-81F9-A7C74B18CBEF}
		{5285DA91-4DE0-471A-B637-E5B7561E6056} = {3386DD9A-B9F4-4AE9-A22D-41DE824969AF}
		{9E65DC51-7BDB-445A-8BFA-3A98559FF3D9} = {3386DD9A-B9F4-4AE9-A22D-41DE824969AF}
		{BD12DC80-C191-4EED-A922-86E2B182B8DF} = {3386DD9A-B9F4-4AE9-A22D-41DE824969AF}
	EndGlobalSection
EndGlobal
